
Microsoft Visual Studio Solution File, Format Version 12.00
# Visual Studio Version 17
VisualStudioVersion = 17.13.35818.85
MinimumVisualStudioVersion = 10.0.40219.1
Project("{9A19103F-16F7-4668-BE54-9A1E7A4F7556}") = "projetowpf", "projetowpf.csproj", "{551D5C23-C480-4ACA-AB9B-D3273525FD70}"
EndProject
Project("{FAE04EC0-301F-11D3-BF4B-00C04F79EFBC}") = "WpfApp1", "..\WpfApp1\WpfApp1.csproj", "{86ABFC33-5B4C-450B-973B-78725D45879C}"
EndProject
Global
	GlobalSection(SolutionConfigurationPlatforms) = preSolution
		Debug|Any CPU = Debug|Any CPU
		Release|Any CPU = Release|Any CPU
	EndGlobalSection
	GlobalSection(ProjectConfigurationPlatforms) = postSolution
		{551D5C23-C480-4ACA-AB9B-D3273525FD70}.Debug|Any CPU.ActiveCfg = Debug|Any CPU
		{551D5C23-C480-4ACA-AB9B-D3273525FD70}.Debug|Any CPU.Build.0 = Debug|Any CPU
		{551D5C23-C480-4ACA-AB9B-D3273525FD70}.Release|Any CPU.ActiveCfg = Release|Any CPU
		{551D5C23-C480-4ACA-AB9B-D3273525FD70}.Release|Any CPU.Build.0 = Release|Any CPU
		{86ABFC33-5B4C-450B-973B-78725D45879C}.Debug|Any CPU.ActiveCfg = Debug|Any CPU
		{86ABFC33-5B4C-450B-973B-78725D45879C}.Debug|Any CPU.Build.0 = Debug|Any CPU
		{86ABFC33-5B4C-450B-973B-78725D45879C}.Release|Any CPU.ActiveCfg = Release|Any CPU
		{86ABFC33-5B4C-450B-973B-78725D45879C}.Release|Any CPU.Build.0 = Release|Any CPU
	EndGlobalSection
	GlobalSection(SolutionProperties) = preSolution
		HideSolutionNode = FALSE
	EndGlobalSection
	GlobalSection(ExtensibilityGlobals) = postSolution
		SolutionGuid = {5193C1BE-F6C1-49F3-8F76-499AF92606AD}
	EndGlobalSection
EndGlobal
